{
    "version": 3,
    "terraform_version": "0.11.7",
    "serial": 12,
    "lineage": "cd334666-5d18-d8af-4f8a-b4a7a3da3448",
    "modules": [
        {
            "path": [
                "root"
            ],
            "outputs": {
                "Name_VM": {
                    "sensitive": false,
                    "type": "string",
                    "value": "mywebserver03"
                },
                "Public_ip": {
                    "sensitive": false,
                    "type": "string",
                    "value": "139.59.90.50"
                }
            },
            "resources": {
                "digitalocean_droplet.web1": {
                    "type": "digitalocean_droplet",
                    "depends_on": [],
                    "primary": {
                        "id": "104547961",
                        "attributes": {
                            "disk": "30",
                            "id": "104547961",
                            "image": "ubuntu-18-04-x64",
                            "ipv4_address": "139.59.69.91",
                            "locked": "false",
                            "name": "mywebserver01",
                            "price_hourly": "0.01488",
                            "price_monthly": "10",
                            "region": "blr1",
                            "resize_disk": "true",
                            "size": "1gb",
                            "ssh_keys.#": "1",
                            "ssh_keys.0": "3f:d6:e7:08:60:63:c3:6b:d9:2d:35:23:d7:92:82:e2",
                            "status": "active",
                            "tags.#": "0",
                            "vcpus": "1"
                        },
                        "meta": {},
                        "tainted": false
                    },
                    "deposed": [],
                    "provider": "provider.digitalocean"
                },
                "digitalocean_droplet.web2": {
                    "type": "digitalocean_droplet",
                    "depends_on": [],
                    "primary": {
                        "id": "104547960",
                        "attributes": {
                            "disk": "30",
                            "id": "104547960",
                            "image": "fedora-28-x64",
                            "ipv4_address": "139.59.65.197",
                            "locked": "false",
                            "name": "mywebserver02",
                            "price_hourly": "0.01488",
                            "price_monthly": "10",
                            "region": "blr1",
                            "resize_disk": "true",
                            "size": "1gb",
                            "ssh_keys.#": "1",
                            "ssh_keys.0": "3f:d6:e7:08:60:63:c3:6b:d9:2d:35:23:d7:92:82:e2",
                            "status": "active",
                            "tags.#": "0",
                            "vcpus": "1"
                        },
                        "meta": {},
                        "tainted": false
                    },
                    "deposed": [],
                    "provider": "provider.digitalocean"
                },
                "digitalocean_droplet.web3": {
                    "type": "digitalocean_droplet",
                    "depends_on": [],
                    "primary": {
                        "id": "104548482",
                        "attributes": {
                            "disk": "30",
                            "id": "104548482",
                            "image": "centos-7-x64",
                            "ipv4_address": "139.59.90.50",
                            "locked": "false",
                            "name": "mywebserver03",
                            "price_hourly": "0.01488",
                            "price_monthly": "10",
                            "region": "blr1",
                            "resize_disk": "true",
                            "size": "1gb",
                            "ssh_keys.#": "1",
                            "ssh_keys.0": "3f:d6:e7:08:60:63:c3:6b:d9:2d:35:23:d7:92:82:e2",
                            "status": "active",
                            "tags.#": "0",
                            "vcpus": "1"
                        },
                        "meta": {},
                        "tainted": false
                    },
                    "deposed": [],
                    "provider": "provider.digitalocean"
                }
            },
            "depends_on": []
        }
    ]
}
