{
    "version": 3,
    "terraform_version": "0.11.8",
    "serial": 4,
    "lineage": "73f678bc-35d4-2ad2-65e4-520969792408",
    "modules": [
        {
            "path": [
                "root"
            ],
            "outputs": {
                "example_public_dns": {
                    "sensitive": false,
                    "type": "list",
                    "value": [
                        "ec2-52-66-207-187.ap-south-1.compute.amazonaws.com",
                        "ec2-13-233-56-160.ap-south-1.compute.amazonaws.com",
                        "ec2-13-233-18-145.ap-south-1.compute.amazonaws.com"
                    ]
                }
            },
            "resources": {
                "aws_instance.example": {
                    "type": "aws_instance",
                    "depends_on": [],
                    "primary": {
                        "id": "i-034f0835b792acf54",
                        "attributes": {
                            "ami": "ami-5b673c34",
                            "arn": "arn:aws:ec2:ap-south-1:421408301189:instance/i-034f0835b792acf54",
                            "associate_public_ip_address": "true",
                            "availability_zone": "ap-south-1b",
                            "cpu_core_count": "1",
                            "cpu_threads_per_core": "1",
                            "credit_specification.#": "1",
                            "credit_specification.0.cpu_credits": "standard",
                            "disable_api_termination": "false",
                            "ebs_block_device.#": "0",
                            "ebs_optimized": "false",
                            "ephemeral_block_device.#": "0",
                            "get_password_data": "false",
                            "iam_instance_profile": "",
                            "id": "i-034f0835b792acf54",
                            "instance_state": "running",
                            "instance_type": "t2.micro",
                            "ipv6_addresses.#": "0",
                            "key_name": "mac-key",
                            "monitoring": "false",
                            "network_interface.#": "0",
                            "network_interface_id": "eni-019a566a42cf5cccd",
                            "password_data": "",
                            "placement_group": "",
                            "primary_network_interface_id": "eni-019a566a42cf5cccd",
                            "private_dns": "ip-172-31-3-16.ap-south-1.compute.internal",
                            "private_ip": "172.31.3.16",
                            "public_dns": "ec2-35-154-93-5.ap-south-1.compute.amazonaws.com",
                            "public_ip": "35.154.93.5",
                            "root_block_device.#": "1",
                            "root_block_device.0.delete_on_termination": "true",
                            "root_block_device.0.iops": "100",
                            "root_block_device.0.volume_id": "vol-0acf2c9abca754d24",
                            "root_block_device.0.volume_size": "10",
                            "root_block_device.0.volume_type": "gp2",
                            "security_groups.#": "1",
                            "security_groups.3814588639": "default",
                            "source_dest_check": "true",
                            "subnet_id": "subnet-071e13fe86567e692",
                            "tags.%": "1",
                            "tags.Name": "inst1_deploy_aws1",
                            "tenancy": "default",
                            "volume_tags.%": "0",
                            "vpc_security_group_ids.#": "1",
                            "vpc_security_group_ids.16795125": "sg-0013244c773f82d91"
                        },
                        "meta": {
                            "e2bfb730-ecaa-11e6-8f88-34363bc7c4c0": {
                                "create": 600000000000,
                                "delete": 1200000000000,
                                "update": 600000000000
                            },
                            "schema_version": "1"
                        },
                        "tainted": false
                    },
                    "deposed": [],
                    "provider": "provider.aws"
                },
                "aws_instance.example-new2.0": {
                    "type": "aws_instance",
                    "depends_on": [
                        "aws_key_pair.aws-mac-key",
                        "aws_security_group.allow_ssh"
                    ],
                    "primary": {
                        "id": "i-0135ea374d8ae34e9",
                        "attributes": {
                            "ami": "ami-5b673c34",
                            "arn": "arn:aws:ec2:ap-south-1:421408301189:instance/i-0135ea374d8ae34e9",
                            "associate_public_ip_address": "true",
                            "availability_zone": "ap-south-1a",
                            "cpu_core_count": "1",
                            "cpu_threads_per_core": "1",
                            "credit_specification.#": "1",
                            "credit_specification.0.cpu_credits": "standard",
                            "disable_api_termination": "false",
                            "ebs_block_device.#": "0",
                            "ebs_optimized": "false",
                            "ephemeral_block_device.#": "0",
                            "get_password_data": "false",
                            "iam_instance_profile": "",
                            "id": "i-0135ea374d8ae34e9",
                            "instance_state": "running",
                            "instance_type": "t2.micro",
                            "ipv6_addresses.#": "0",
                            "key_name": "aws_mac_key",
                            "monitoring": "false",
                            "network_interface.#": "0",
                            "network_interface_id": "eni-03ed8134feb26fab4",
                            "password_data": "",
                            "placement_group": "",
                            "primary_network_interface_id": "eni-03ed8134feb26fab4",
                            "private_dns": "ip-172-31-22-31.ap-south-1.compute.internal",
                            "private_ip": "172.31.22.31",
                            "public_dns": "ec2-52-66-207-187.ap-south-1.compute.amazonaws.com",
                            "public_ip": "52.66.207.187",
                            "root_block_device.#": "1",
                            "root_block_device.0.delete_on_termination": "true",
                            "root_block_device.0.iops": "100",
                            "root_block_device.0.volume_id": "vol-0df6eefd355a554c0",
                            "root_block_device.0.volume_size": "10",
                            "root_block_device.0.volume_type": "gp2",
                            "security_groups.#": "1",
                            "security_groups.1454479838": "allow_ssh",
                            "source_dest_check": "true",
                            "subnet_id": "subnet-00baf5c7c94a9237f",
                            "tags.%": "1",
                            "tags.Name": "inst2_deploy_aws2",
                            "tenancy": "default",
                            "volume_tags.%": "0",
                            "vpc_security_group_ids.#": "1",
                            "vpc_security_group_ids.2262472157": "sg-0664029ba70ef9ee4"
                        },
                        "meta": {
                            "e2bfb730-ecaa-11e6-8f88-34363bc7c4c0": {
                                "create": 600000000000,
                                "delete": 1200000000000,
                                "update": 600000000000
                            },
                            "schema_version": "1"
                        },
                        "tainted": false
                    },
                    "deposed": [],
                    "provider": "provider.aws"
                },
                "aws_instance.example-new2.1": {
                    "type": "aws_instance",
                    "depends_on": [
                        "aws_key_pair.aws-mac-key",
                        "aws_security_group.allow_ssh"
                    ],
                    "primary": {
                        "id": "i-0463a245e84f80cea",
                        "attributes": {
                            "ami": "ami-5b673c34",
                            "arn": "arn:aws:ec2:ap-south-1:421408301189:instance/i-0463a245e84f80cea",
                            "associate_public_ip_address": "true",
                            "availability_zone": "ap-south-1a",
                            "cpu_core_count": "1",
                            "cpu_threads_per_core": "1",
                            "credit_specification.#": "1",
                            "credit_specification.0.cpu_credits": "standard",
                            "disable_api_termination": "false",
                            "ebs_block_device.#": "0",
                            "ebs_optimized": "false",
                            "ephemeral_block_device.#": "0",
                            "get_password_data": "false",
                            "iam_instance_profile": "",
                            "id": "i-0463a245e84f80cea",
                            "instance_state": "running",
                            "instance_type": "t2.micro",
                            "ipv6_addresses.#": "0",
                            "key_name": "aws_mac_key",
                            "monitoring": "false",
                            "network_interface.#": "0",
                            "network_interface_id": "eni-02f87fee6e1c0bfe6",
                            "password_data": "",
                            "placement_group": "",
                            "primary_network_interface_id": "eni-02f87fee6e1c0bfe6",
                            "private_dns": "ip-172-31-22-1.ap-south-1.compute.internal",
                            "private_ip": "172.31.22.1",
                            "public_dns": "ec2-13-233-56-160.ap-south-1.compute.amazonaws.com",
                            "public_ip": "13.233.56.160",
                            "root_block_device.#": "1",
                            "root_block_device.0.delete_on_termination": "true",
                            "root_block_device.0.iops": "100",
                            "root_block_device.0.volume_id": "vol-0569dc869194c3cd5",
                            "root_block_device.0.volume_size": "10",
                            "root_block_device.0.volume_type": "gp2",
                            "security_groups.#": "1",
                            "security_groups.1454479838": "allow_ssh",
                            "source_dest_check": "true",
                            "subnet_id": "subnet-00baf5c7c94a9237f",
                            "tags.%": "1",
                            "tags.Name": "inst2_deploy_aws2",
                            "tenancy": "default",
                            "volume_tags.%": "0",
                            "vpc_security_group_ids.#": "1",
                            "vpc_security_group_ids.2262472157": "sg-0664029ba70ef9ee4"
                        },
                        "meta": {
                            "e2bfb730-ecaa-11e6-8f88-34363bc7c4c0": {
                                "create": 600000000000,
                                "delete": 1200000000000,
                                "update": 600000000000
                            },
                            "schema_version": "1"
                        },
                        "tainted": false
                    },
                    "deposed": [],
                    "provider": "provider.aws"
                },
                "aws_instance.example-new2.2": {
                    "type": "aws_instance",
                    "depends_on": [
                        "aws_key_pair.aws-mac-key",
                        "aws_security_group.allow_ssh"
                    ],
                    "primary": {
                        "id": "i-0075061e064f2ef64",
                        "attributes": {
                            "ami": "ami-5b673c34",
                            "arn": "arn:aws:ec2:ap-south-1:421408301189:instance/i-0075061e064f2ef64",
                            "associate_public_ip_address": "true",
                            "availability_zone": "ap-south-1a",
                            "cpu_core_count": "1",
                            "cpu_threads_per_core": "1",
                            "credit_specification.#": "1",
                            "credit_specification.0.cpu_credits": "standard",
                            "disable_api_termination": "false",
                            "ebs_block_device.#": "0",
                            "ebs_optimized": "false",
                            "ephemeral_block_device.#": "0",
                            "get_password_data": "false",
                            "iam_instance_profile": "",
                            "id": "i-0075061e064f2ef64",
                            "instance_state": "running",
                            "instance_type": "t2.micro",
                            "ipv6_addresses.#": "0",
                            "key_name": "aws_mac_key",
                            "monitoring": "false",
                            "network_interface.#": "0",
                            "network_interface_id": "eni-0379bb7c8c7bc987e",
                            "password_data": "",
                            "placement_group": "",
                            "primary_network_interface_id": "eni-0379bb7c8c7bc987e",
                            "private_dns": "ip-172-31-30-184.ap-south-1.compute.internal",
                            "private_ip": "172.31.30.184",
                            "public_dns": "ec2-13-233-18-145.ap-south-1.compute.amazonaws.com",
                            "public_ip": "13.233.18.145",
                            "root_block_device.#": "1",
                            "root_block_device.0.delete_on_termination": "true",
                            "root_block_device.0.iops": "100",
                            "root_block_device.0.volume_id": "vol-06142f554b1573b85",
                            "root_block_device.0.volume_size": "10",
                            "root_block_device.0.volume_type": "gp2",
                            "security_groups.#": "1",
                            "security_groups.1454479838": "allow_ssh",
                            "source_dest_check": "true",
                            "subnet_id": "subnet-00baf5c7c94a9237f",
                            "tags.%": "1",
                            "tags.Name": "inst2_deploy_aws2",
                            "tenancy": "default",
                            "volume_tags.%": "0",
                            "vpc_security_group_ids.#": "1",
                            "vpc_security_group_ids.2262472157": "sg-0664029ba70ef9ee4"
                        },
                        "meta": {
                            "e2bfb730-ecaa-11e6-8f88-34363bc7c4c0": {
                                "create": 600000000000,
                                "delete": 1200000000000,
                                "update": 600000000000
                            },
                            "schema_version": "1"
                        },
                        "tainted": false
                    },
                    "deposed": [],
                    "provider": "provider.aws"
                },
                "aws_key_pair.aws-mac-key": {
                    "type": "aws_key_pair",
                    "depends_on": [],
                    "primary": {
                        "id": "aws_mac_key",
                        "attributes": {
                            "fingerprint": "66:84:01:47:b5:80:bc:3f:56:48:b2:93:c1:75:3d:20",
                            "id": "aws_mac_key",
                            "key_name": "aws_mac_key",
                            "public_key": "ssh-rsa AAAAB3NzaC1yc2EAAAADAQABAAABAQDBch+L0iaBAIrk1BRZDJvI7j/JffNTRJT0AgibbEUeCpXdBEXUYcqEaPcWViyVP1Qf6zDtbvOQT4ukR+vtvDj244t9vB/hTrCoIXhRoV+VNtHZ3oh9495vT+hxhLyxlbV+hHSkFESWw3lrHcqmx+sECu18B9LzC45n6tCZFhlSFx//BHcw5qPZ7dvxTeZEwHv27d4kqMs9Qt7oklvINsjDyh1X3XowwkRqJUIcCsqxmnVCr2K2F4yf725OPcOlAtAzdjhRGVTFNoWsD9Cyokqbm8xncSCzB7XC06X9u2abuw2n5EsRfXUjMP5ZIozrM6z0dOGIOaInw/8a4vOoi3Th sankartest@m-c02rrc58g8wn"
                        },
                        "meta": {
                            "schema_version": "1"
                        },
                        "tainted": false
                    },
                    "deposed": [],
                    "provider": "provider.aws"
                },
                "aws_security_group.allow_ssh": {
                    "type": "aws_security_group",
                    "depends_on": [],
                    "primary": {
                        "id": "sg-0664029ba70ef9ee4",
                        "attributes": {
                            "arn": "arn:aws:ec2:ap-south-1:421408301189:security-group/sg-0664029ba70ef9ee4",
                            "description": "Managed by Terraform",
                            "egress.#": "0",
                            "id": "sg-0664029ba70ef9ee4",
                            "ingress.#": "1",
                            "ingress.2541437006.cidr_blocks.#": "1",
                            "ingress.2541437006.cidr_blocks.0": "0.0.0.0/0",
                            "ingress.2541437006.description": "",
                            "ingress.2541437006.from_port": "22",
                            "ingress.2541437006.ipv6_cidr_blocks.#": "0",
                            "ingress.2541437006.prefix_list_ids.#": "0",
                            "ingress.2541437006.protocol": "tcp",
                            "ingress.2541437006.security_groups.#": "0",
                            "ingress.2541437006.self": "false",
                            "ingress.2541437006.to_port": "22",
                            "name": "allow_ssh",
                            "owner_id": "421408301189",
                            "revoke_rules_on_delete": "false",
                            "tags.%": "0",
                            "vpc_id": "vpc-0c700d50bbc6b9ec5"
                        },
                        "meta": {
                            "e2bfb730-ecaa-11e6-8f88-34363bc7c4c0": {
                                "create": 600000000000,
                                "delete": 600000000000
                            },
                            "schema_version": "1"
                        },
                        "tainted": false
                    },
                    "deposed": [],
                    "provider": "provider.aws"
                }
            },
            "depends_on": []
        }
    ]
}
